
Microsoft Visual Studio Solution File, Format Version 12.00
# Visual Studio Version 17
VisualStudioVersion = 17.11.35222.181
MinimumVisualStudioVersion = 10.0.40219.1
Project("{9A19103F-16F7-4668-BE54-9A1E7A4F7556}") = "Backd_End_The_Blogs_Of_The_U", "Backd_End_The_Blogs_Of_The_U\Backd_End_The_Blogs_Of_The_U.csproj", "{346813B6-A3D4-4DA3-BAAA-5D068AE82D71}"
EndProject
Project("{FAE04EC0-301F-11D3-BF4B-00C04F79EFBC}") = "The_Blogs_Of_The_U.Domain", "The_Blogs_Of_The_U.Domain\The_Blogs_Of_The_U.Domain.csproj", "{9A0A8C79-D3CC-4F27-A089-F47F1B1BAD3B}"
EndProject
Project("{FAE04EC0-301F-11D3-BF4B-00C04F79EFBC}") = "The_Blogs_Of_The_U.Infrastructure", "The_Blogs_Of_The_U.Infrastructure\The_Blogs_Of_The_U.Infrastructure.csproj", "{1631C138-1FAF-4BEA-A354-530A837EE406}"
EndProject
Global
	GlobalSection(SolutionConfigurationPlatforms) = preSolution
		Debug|Any CPU = Debug|Any CPU
		Release|Any CPU = Release|Any CPU
	EndGlobalSection
	GlobalSection(ProjectConfigurationPlatforms) = postSolution
		{346813B6-A3D4-4DA3-BAAA-5D068AE82D71}.Debug|Any CPU.ActiveCfg = Debug|Any CPU
		{346813B6-A3D4-4DA3-BAAA-5D068AE82D71}.Debug|Any CPU.Build.0 = Debug|Any CPU
		{346813B6-A3D4-4DA3-BAAA-5D068AE82D71}.Release|Any CPU.ActiveCfg = Release|Any CPU
		{346813B6-A3D4-4DA3-BAAA-5D068AE82D71}.Release|Any CPU.Build.0 = Release|Any CPU
		{9A0A8C79-D3CC-4F27-A089-F47F1B1BAD3B}.Debug|Any CPU.ActiveCfg = Debug|Any CPU
		{9A0A8C79-D3CC-4F27-A089-F47F1B1BAD3B}.Debug|Any CPU.Build.0 = Debug|Any CPU
		{9A0A8C79-D3CC-4F27-A089-F47F1B1BAD3B}.Release|Any CPU.ActiveCfg = Release|Any CPU
		{9A0A8C79-D3CC-4F27-A089-F47F1B1BAD3B}.Release|Any CPU.Build.0 = Release|Any CPU
		{1631C138-1FAF-4BEA-A354-530A837EE406}.Debug|Any CPU.ActiveCfg = Debug|Any CPU
		{1631C138-1FAF-4BEA-A354-530A837EE406}.Debug|Any CPU.Build.0 = Debug|Any CPU
		{1631C138-1FAF-4BEA-A354-530A837EE406}.Release|Any CPU.ActiveCfg = Release|Any CPU
		{1631C138-1FAF-4BEA-A354-530A837EE406}.Release|Any CPU.Build.0 = Release|Any CPU
	EndGlobalSection
	GlobalSection(SolutionProperties) = preSolution
		HideSolutionNode = FALSE
	EndGlobalSection
	GlobalSection(ExtensibilityGlobals) = postSolution
		SolutionGuid = {18B590BD-0FBB-4649-967E-0B3202E6DE23}
	EndGlobalSection
EndGlobal
